
Microsoft Visual Studio Solution File, Format Version 12.00
# Visual Studio Version 17
VisualStudioVersion = 17.8.34408.163
MinimumVisualStudioVersion = 10.0.40219.1
Project("{FAE04EC0-301F-11D3-BF4B-00C04F79EFBC}") = "rövarspråket", "rövarspråket\rövarspråket.csproj", "{A87589B6-E421-4295-A71A-92DB6A6A2696}"
EndProject
Global
	GlobalSection(SolutionConfigurationPlatforms) = preSolution
		Debug|Any CPU = Debug|Any CPU
		Release|Any CPU = Release|Any CPU
	EndGlobalSection
	GlobalSection(ProjectConfigurationPlatforms) = postSolution
		{A87589B6-E421-4295-A71A-92DB6A6A2696}.Debug|Any CPU.ActiveCfg = Debug|Any CPU
		{A87589B6-E421-4295-A71A-92DB6A6A2696}.Debug|Any CPU.Build.0 = Debug|Any CPU
		{A87589B6-E421-4295-A71A-92DB6A6A2696}.Release|Any CPU.ActiveCfg = Release|Any CPU
		{A87589B6-E421-4295-A71A-92DB6A6A2696}.Release|Any CPU.Build.0 = Release|Any CPU
	EndGlobalSection
	GlobalSection(SolutionProperties) = preSolution
		HideSolutionNode = FALSE
	EndGlobalSection
	GlobalSection(ExtensibilityGlobals) = postSolution
		SolutionGuid = {6495FF54-96F0-48F5-A011-B899432C22AD}
	EndGlobalSection
EndGlobal
